
Microsoft Visual Studio Solution File, Format Version 12.00
# Visual Studio Version 17
VisualStudioVersion = 17.9.34728.123
MinimumVisualStudioVersion = 10.0.40219.1
Project("{888888A0-9F3D-457C-B088-3A5042F75D52}") = "PythonApp Statistik test", "PythonApp Statistik test\PythonApp Statistik test.pyproj", "{5EE0C0BC-23CA-4F17-AE26-A893C3EFB179}"
EndProject
Global
	GlobalSection(SolutionConfigurationPlatforms) = preSolution
		Debug|Any CPU = Debug|Any CPU
		Release|Any CPU = Release|Any CPU
	EndGlobalSection
	GlobalSection(ProjectConfigurationPlatforms) = postSolution
		{5EE0C0BC-23CA-4F17-AE26-A893C3EFB179}.Debug|Any CPU.ActiveCfg = Debug|Any CPU
		{5EE0C0BC-23CA-4F17-AE26-A893C3EFB179}.Release|Any CPU.ActiveCfg = Release|Any CPU
	EndGlobalSection
	GlobalSection(SolutionProperties) = preSolution
		HideSolutionNode = FALSE
	EndGlobalSection
	GlobalSection(ExtensibilityGlobals) = postSolution
		SolutionGuid = {12DAB21A-ED38-4144-B17C-4008F51DE0DA}
	EndGlobalSection
EndGlobal
